
Microsoft Visual Studio Solution File, Format Version 12.00
# Visual Studio 2013
VisualStudioVersion = 12.0.30501.0
MinimumVisualStudioVersion = 10.0.40219.1
Project("{FAE04EC0-301F-11D3-BF4B-00C04F79EFBC}") = "ForecastService", "ForecastService\ForecastService.csproj", "{474F9F1B-C791-4AFA-8860-06148444464B}"
EndProject
Project("{E24C65DC-7377-472B-9ABA-BC803B73C61A}") = "Try It", "http://localhost:17946", "{19CD7DEA-26A5-48AD-83D1-EE2620C1267A}"
	ProjectSection(WebsiteProperties) = preProject
		UseIISExpress = "true"
		TargetFrameworkMoniker = ".NETFramework,Version%3Dv4.5"
		Debug.AspNetCompiler.VirtualPath = "/localhost_17946"
		Debug.AspNetCompiler.PhysicalPath = "Try It\"
		Debug.AspNetCompiler.TargetPath = "PrecompiledWeb\localhost_17946\"
		Debug.AspNetCompiler.Updateable = "true"
		Debug.AspNetCompiler.ForceOverwrite = "true"
		Debug.AspNetCompiler.FixedNames = "false"
		Debug.AspNetCompiler.Debug = "True"
		Release.AspNetCompiler.VirtualPath = "/localhost_17946"
		Release.AspNetCompiler.PhysicalPath = "Try It\"
		Release.AspNetCompiler.TargetPath = "PrecompiledWeb\localhost_17946\"
		Release.AspNetCompiler.Updateable = "true"
		Release.AspNetCompiler.ForceOverwrite = "true"
		Release.AspNetCompiler.FixedNames = "false"
		Release.AspNetCompiler.Debug = "False"
		SlnRelativePath = "Try It\"
		DefaultWebSiteLanguage = "Visual Basic"
	EndProjectSection
	ProjectSection(ProjectDependencies) = postProject
		{474F9F1B-C791-4AFA-8860-06148444464B} = {474F9F1B-C791-4AFA-8860-06148444464B}
	EndProjectSection
EndProject
Global
	GlobalSection(SolutionConfigurationPlatforms) = preSolution
		Debug|Any CPU = Debug|Any CPU
		Release|Any CPU = Release|Any CPU
	EndGlobalSection
	GlobalSection(ProjectConfigurationPlatforms) = postSolution
		{474F9F1B-C791-4AFA-8860-06148444464B}.Debug|Any CPU.ActiveCfg = Debug|Any CPU
		{474F9F1B-C791-4AFA-8860-06148444464B}.Debug|Any CPU.Build.0 = Debug|Any CPU
		{474F9F1B-C791-4AFA-8860-06148444464B}.Release|Any CPU.ActiveCfg = Release|Any CPU
		{474F9F1B-C791-4AFA-8860-06148444464B}.Release|Any CPU.Build.0 = Release|Any CPU
		{19CD7DEA-26A5-48AD-83D1-EE2620C1267A}.Debug|Any CPU.ActiveCfg = Debug|Any CPU
		{19CD7DEA-26A5-48AD-83D1-EE2620C1267A}.Debug|Any CPU.Build.0 = Debug|Any CPU
		{19CD7DEA-26A5-48AD-83D1-EE2620C1267A}.Release|Any CPU.ActiveCfg = Debug|Any CPU
		{19CD7DEA-26A5-48AD-83D1-EE2620C1267A}.Release|Any CPU.Build.0 = Debug|Any CPU
	EndGlobalSection
	GlobalSection(SolutionProperties) = preSolution
		HideSolutionNode = FALSE
	EndGlobalSection
EndGlobal
